
Microsoft Visual Studio Solution File, Format Version 12.00
# Visual Studio Version 16
VisualStudioVersion = 16.0.30804.86
MinimumVisualStudioVersion = 10.0.40219.1
Project("{FAE04EC0-301F-11D3-BF4B-00C04F79EFBC}") = "GestiuneExamene", "GestiuneExamene\GestiuneExamene.csproj", "{9CFF6CA6-57FA-4CFD-BD65-2472EFEC0FAE}"
EndProject
Global
	GlobalSection(SolutionConfigurationPlatforms) = preSolution
		Debug|Any CPU = Debug|Any CPU
		Release|Any CPU = Release|Any CPU
	EndGlobalSection
	GlobalSection(ProjectConfigurationPlatforms) = postSolution
		{9CFF6CA6-57FA-4CFD-BD65-2472EFEC0FAE}.Debug|Any CPU.ActiveCfg = Debug|Any CPU
		{9CFF6CA6-57FA-4CFD-BD65-2472EFEC0FAE}.Debug|Any CPU.Build.0 = Debug|Any CPU
		{9CFF6CA6-57FA-4CFD-BD65-2472EFEC0FAE}.Release|Any CPU.ActiveCfg = Release|Any CPU
		{9CFF6CA6-57FA-4CFD-BD65-2472EFEC0FAE}.Release|Any CPU.Build.0 = Release|Any CPU
	EndGlobalSection
	GlobalSection(SolutionProperties) = preSolution
		HideSolutionNode = FALSE
	EndGlobalSection
	GlobalSection(ExtensibilityGlobals) = postSolution
		SolutionGuid = {3EC8335B-FD88-4777-BE9E-22EF6509E7D0}
	EndGlobalSection
EndGlobal
